filippo.io/edwards25519 v1.1.0 h1:FNf4tywRC1HmFuKW5xopWpigGjJKiJSV0Cqo0cJWDaA=
filippo.io/edwards25519 v1.1.0/go.mod h1:BxyFTGdWcka3PhytdK4V28tE5sGfRvvvRV7EaN4VDT4=
github.com/DATA-DOG/go-sqlmock v1.5.2 h1:OcvFkGmslmlZibjAjaHm3L//6LiuBgolP7OputlJIzU=
github.com/DATA-DOG/go-sqlmock v1.5.2/go.mod h1:88MAG/4G7SMwSE3CeA0ZKzrT5CiOU3OJ+JlNzwDqpNU=
github.com/go-json-experiment/json v0.0.0-20251027170946-4849db3c2f7e h1:Lf/gRkoycfOBPa42vU2bbgPurFong6zXeFtPoxholzU=
github.com/go-json-experiment/json v0.0.0-20251027170946-4849db3c2f7e/go.mod h1:uNVvRXArCGbZ508SxYYTC5v1JWoz2voff5pm25jU1Ok=
github.com/go-sql-driver/mysql v1.9.3 h1:U/N249h2WzJ3Ukj8SowVFjdtZKfu9vlLZxjPXV1aweo=
github.com/go-sql-driver/mysql v1.9.3/go.mod h1:qn46aNg1333BRMNU69Lq93t8du/dwxI64Gl8i5p1WMU=
github.com/google/go-cmp v0.7.0 h1:wk8382ETsv4JYUZwIsn6YpYiWiBsYLSJiTsyBybVuN8=
github.com/google/go-cmp v0.7.0/go.mod h1:pXiqmnSA92OHEEa9HXL2W4E7lf9JzCmGVUdgjX3N/iU=
github.com/kisielk/sqlstruct v0.0.0-20201105191214-5f3e10d3ab46/go.mod h1:yyMNCyc/Ib3bDTKd379tNMpB/7/H5TjM2Y9QJ5THLbE=
github.com/lib/pq v1.10.9 h1:YXG7RB+JIjhP29X+OtkiDnYaXQwpS4JEWq7dtCCRUEw=
github.com/lib/pq v1.10.9/go.mod h1:AlVN5x4E4T544tWzH6hKfbfQvm3HdbOxrmggDNAPY9o=
github.com/pkg/errors v0.9.1 h1:FEBLx1zS214owpjy7qsBeixbURkuhQAwrK5UwLGTwt4=
github.com/pkg/errors v0.9.1/go.mod h1:bwawxfHBFNV+L2hUp1rHADufV3IMtnDRdf1r5NINEl0=
github.com/shopspring/decimal v1.4.0 h1:bxl37RwXBklmTi0C79JfXCEBD1cqqHt0bbgBAGFp81k=
github.com/shopspring/decimal v1.4.0/go.mod h1:gawqmDU56v4yIKSwfBSFip1HdCCXN8/+DMd9qYNcwME=
github.com/xoctopus/errx v0.0.0-20251127120907-5ef1627ad6d9 h1:nCnIt9+uV+KkpL6qMu7OZ0TG56TjRcFGivwS6sgU4yk=
github.com/xoctopus/errx v0.0.0-20251127120907-5ef1627ad6d9/go.mod h1:DSWnqMO5Y4xlJYPacdrbbgKS8zgfciuvwqNRN76KJEc=
github.com/xoctopus/genx v0.1.1-0.20251127120206-07bcd8b4a2bd h1:SMMIN3nPTIe1vpACDVEGVsDbgqMqDw88gPY5dFN+18A=
github.com/xoctopus/genx v0.1.1-0.20251127120206-07bcd8b4a2bd/go.mod h1:O330CFobSCh3MmCtt5J6j0Xagpf8riN11itfAczgLic=
github.com/xoctopus/logx v0.0.3-0.20251107032504-e4e28aaae5ec h1:DGivc4D8SITui30zaUhFaZMmquZ0sC5PYD2e+4WBkCs=
github.com/xoctopus/logx v0.0.3-0.20251107032504-e4e28aaae5ec/go.mod h1:uO5TUsDsu2M0Uy9a+HlY+51nASx1taBUANnFCvJVOFs=
github.com/xoctopus/pkgx v0.1.1-0.20251127115730-40f38b1c6085 h1:npqxt7EcrvYZTienwVicwN/yOhBpTa5FPVG1CRzm4Nw=
github.com/xoctopus/pkgx v0.1.1-0.20251127115730-40f38b1c6085/go.mod h1:q0PmQlzsqNXbPzmUs+a+/5PkZAAZWYo0A8IUHqhUt/I=
github.com/xoctopus/pkgx/testdata v1.0.0 h1:wn8ybhu+LWxuHzqGaZMff2Lik9trL8rkPwyZyqKQT3E=
github.com/xoctopus/pkgx/testdata v1.0.0/go.mod h1:hM3Pd+eByHRAG1plTMLXVBFzEdYqG3h7B5sHvOu2+iU=
github.com/xoctopus/typex v0.2.2-0.20251127120105-e41be093062a h1:bTiO3tcK5IDMeymZQyU5Hs1um+UH+q1yqojJyv9+ZoM=
github.com/xoctopus/typex v0.2.2-0.20251127120105-e41be093062a/go.mod h1:E4wAizyQlrW49edWp46/KPGAxX7Jv2g9S0FQ7i45u7A=
github.com/xoctopus/x v0.2.1-0.20251124085551-4660064d025a h1:zwS2vMoLUM+/B357Lb6z0p9LT8C5PHslcEWpntkeFMU=
github.com/xoctopus/x v0.2.1-0.20251124085551-4660064d025a/go.mod h1:+UndN5zUWOUJFFpnIM9EoN9DqFlQ8M1HZzuInf1qCRg=
golang.org/x/exp v0.0.0-20251125195548-87e1e737ad39 h1:DHNhtq3sNNzrvduZZIiFyXWOL9IWaDPHqTnLJp+rCBY=
golang.org/x/exp v0.0.0-20251125195548-87e1e737ad39/go.mod h1:46edojNIoXTNOhySWIWdix628clX9ODXwPsQuG6hsK0=
golang.org/x/mod v0.30.0 h1:fDEXFVZ/fmCKProc/yAXXUijritrDzahmwwefnjoPFk=
golang.org/x/mod v0.30.0/go.mod h1:lAsf5O2EvJeSFMiBxXDki7sCgAxEUcZHXoXMKT4GJKc=
golang.org/x/sync v0.18.0 h1:kr88TuHDroi+UVf+0hZnirlk8o8T+4MrK6mr60WkH/I=
golang.org/x/sync v0.18.0/go.mod h1:9KTHXmSnoGruLpwFjVSX0lNNA75CykiMECbovNTZqGI=
golang.org/x/tools v0.39.0 h1:ik4ho21kwuQln40uelmciQPp9SipgNDdrafrYA4TmQQ=
golang.org/x/tools v0.39.0/go.mod h1:JnefbkDPyD8UU2kI5fuf8ZX4/yUeh9W877ZeBONxUqQ=
